
Microsoft Visual Studio Solution File, Format Version 12.00
# Visual Studio Version 17
VisualStudioVersion = 17.3.32825.248
MinimumVisualStudioVersion = 10.0.40219.1
Project("{9A19103F-16F7-4668-BE54-9A1E7A4F7556}") = "Tkst", "510515205\Tkst.csproj", "{5A25E228-7C2F-4566-AD5E-4D1019BAD035}"
EndProject
Global
	GlobalSection(SolutionConfigurationPlatforms) = preSolution
		Debug|Any CPU = Debug|Any CPU
		Release|Any CPU = Release|Any CPU
	EndGlobalSection
	GlobalSection(ProjectConfigurationPlatforms) = postSolution
		{5A25E228-7C2F-4566-AD5E-4D1019BAD035}.Debug|Any CPU.ActiveCfg = Debug|Any CPU
		{5A25E228-7C2F-4566-AD5E-4D1019BAD035}.Debug|Any CPU.Build.0 = Debug|Any CPU
		{5A25E228-7C2F-4566-AD5E-4D1019BAD035}.Release|Any CPU.ActiveCfg = Release|Any CPU
		{5A25E228-7C2F-4566-AD5E-4D1019BAD035}.Release|Any CPU.Build.0 = Release|Any CPU
	EndGlobalSection
	GlobalSection(SolutionProperties) = preSolution
		HideSolutionNode = FALSE
	EndGlobalSection
	GlobalSection(ExtensibilityGlobals) = postSolution
		SolutionGuid = {851B23A1-46A0-43AE-A5C3-65FE83395989}
	EndGlobalSection
EndGlobal
